// !$*UTF8*$!
{
	archiveVersion = 1;
	classes = {
	};
	objectVersion = 51;
	objects = {

/* Begin PBXBuildFile section */
		2325602024293CC4008C0A2A /* AppDelegate.swift in Sources */ = {isa = PBXBuildFile; fileRef = 2325601F24293CC4008C0A2A /* AppDelegate.swift */; };
		2325602224293CC4008C0A2A /* SceneDelegate.swift in Sources */ = {isa = PBXBuildFile; fileRef = 2325602124293CC4008C0A2A /* SceneDelegate.swift */; };
		2325602924293CC9008C0A2A /* Assets.xcassets in Resources */ = {isa = PBXBuildFile; fileRef = 2325602824293CC9008C0A2A /* Assets.xcassets */; };
		236EC8432460F84C000B0320 /* LatochaDatabase.swift in Sources */ = {isa = PBXBuildFile; fileRef = 236EC8422460F84C000B0320 /* LatochaDatabase.swift */; };
		236EC8482460FA87000B0320 /* Navigation.swift in Sources */ = {isa = PBXBuildFile; fileRef = 236EC8472460FA87000B0320 /* Navigation.swift */; };
		236EC84A2460FA90000B0320 /* DependencyContainer.swift in Sources */ = {isa = PBXBuildFile; fileRef = 236EC8492460FA8F000B0320 /* DependencyContainer.swift */; };
		236EC84F2460FAB1000B0320 /* CustomView.swift in Sources */ = {isa = PBXBuildFile; fileRef = 236EC84C2460FAB1000B0320 /* CustomView.swift */; };
		236EC8502460FAB1000B0320 /* CustomViewController.swift in Sources */ = {isa = PBXBuildFile; fileRef = 236EC84D2460FAB1000B0320 /* CustomViewController.swift */; };
		236EC8512460FAB1000B0320 /* ViewModel.swift in Sources */ = {isa = PBXBuildFile; fileRef = 236EC84E2460FAB1000B0320 /* ViewModel.swift */; };
		236EC8652460FADA000B0320 /* RootViewModel.swift in Sources */ = {isa = PBXBuildFile; fileRef = 236EC8542460FAD8000B0320 /* RootViewModel.swift */; };
		236EC8662460FADA000B0320 /* RootView.swift in Sources */ = {isa = PBXBuildFile; fileRef = 236EC8572460FAD8000B0320 /* RootView.swift */; };
		236EC8672460FADA000B0320 /* RootViewController.swift in Sources */ = {isa = PBXBuildFile; fileRef = 236EC8592460FAD8000B0320 /* RootViewController.swift */; };
		236EC86E2460FADA000B0320 /* LaunchScreen.storyboard in Resources */ = {isa = PBXBuildFile; fileRef = 236EC8642460FADA000B0320 /* LaunchScreen.storyboard */; };
		758BCEE464B1B8FB3D5D6431 /* Pods_Busex.framework in Frameworks */ = {isa = PBXBuildFile; fileRef = C846CEE752A2DE4DF723FA18 /* Pods_Busex.framework */; };
/* End PBXBuildFile section */

/* Begin PBXFileReference section */
		2325601C24293CC4008C0A2A /* Busex.app */ = {isa = PBXFileReference; explicitFileType = wrapper.application; includeInIndex = 0; path = Busex.app; sourceTree = BUILT_PRODUCTS_DIR; };
		2325601F24293CC4008C0A2A /* AppDelegate.swift */ = {isa = PBXFileReference; lastKnownFileType = sourcecode.swift; path = AppDelegate.swift; sourceTree = "<group>"; };
		2325602124293CC4008C0A2A /* SceneDelegate.swift */ = {isa = PBXFileReference; lastKnownFileType = sourcecode.swift; path = SceneDelegate.swift; sourceTree = "<group>"; };
		2325602824293CC9008C0A2A /* Assets.xcassets */ = {isa = PBXFileReference; lastKnownFileType = folder.assetcatalog; path = Assets.xcassets; sourceTree = "<group>"; };
		2325602D24293CC9008C0A2A /* Info.plist */ = {isa = PBXFileReference; lastKnownFileType = text.plist.xml; path = Info.plist; sourceTree = "<group>"; };
		236EC8422460F84C000B0320 /* LatochaDatabase.swift */ = {isa = PBXFileReference; lastKnownFileType = sourcecode.swift; path = LatochaDatabase.swift; sourceTree = "<group>"; };
		236EC8472460FA87000B0320 /* Navigation.swift */ = {isa = PBXFileReference; fileEncoding = 4; lastKnownFileType = sourcecode.swift; path = Navigation.swift; sourceTree = "<group>"; };
		236EC8492460FA8F000B0320 /* DependencyContainer.swift */ = {isa = PBXFileReference; fileEncoding = 4; lastKnownFileType = sourcecode.swift; path = DependencyContainer.swift; sourceTree = "<group>"; };
		236EC84C2460FAB1000B0320 /* CustomView.swift */ = {isa = PBXFileReference; fileEncoding = 4; lastKnownFileType = sourcecode.swift; path = CustomView.swift; sourceTree = "<group>"; };
		236EC84D2460FAB1000B0320 /* CustomViewController.swift */ = {isa = PBXFileReference; fileEncoding = 4; lastKnownFileType = sourcecode.swift; path = CustomViewController.swift; sourceTree = "<group>"; };
		236EC84E2460FAB1000B0320 /* ViewModel.swift */ = {isa = PBXFileReference; fileEncoding = 4; lastKnownFileType = sourcecode.swift; path = ViewModel.swift; sourceTree = "<group>"; };
		236EC8542460FAD8000B0320 /* RootViewModel.swift */ = {isa = PBXFileReference; fileEncoding = 4; lastKnownFileType = sourcecode.swift; path = RootViewModel.swift; sourceTree = "<group>"; };
		236EC8572460FAD8000B0320 /* RootView.swift */ = {isa = PBXFileReference; fileEncoding = 4; lastKnownFileType = sourcecode.swift; path = RootView.swift; sourceTree = "<group>"; };
		236EC8592460FAD8000B0320 /* RootViewController.swift */ = {isa = PBXFileReference; fileEncoding = 4; lastKnownFileType = sourcecode.swift; path = RootViewController.swift; sourceTree = "<group>"; };
		236EC8642460FADA000B0320 /* LaunchScreen.storyboard */ = {isa = PBXFileReference; fileEncoding = 4; lastKnownFileType = file.storyboard; path = LaunchScreen.storyboard; sourceTree = "<group>"; };
		57FFA6A39217A92E34FC5955 /* Pods-Busex.debug.xcconfig */ = {isa = PBXFileReference; includeInIndex = 1; lastKnownFileType = text.xcconfig; name = "Pods-Busex.debug.xcconfig"; path = "Target Support Files/Pods-Busex/Pods-Busex.debug.xcconfig"; sourceTree = "<group>"; };
		6DAACEDB17B7B9A92AF72EE3 /* Pods-Busex.release.xcconfig */ = {isa = PBXFileReference; includeInIndex = 1; lastKnownFileType = text.xcconfig; name = "Pods-Busex.release.xcconfig"; path = "Target Support Files/Pods-Busex/Pods-Busex.release.xcconfig"; sourceTree = "<group>"; };
		C846CEE752A2DE4DF723FA18 /* Pods_Busex.framework */ = {isa = PBXFileReference; explicitFileType = wrapper.framework; includeInIndex = 0; path = Pods_Busex.framework; sourceTree = BUILT_PRODUCTS_DIR; };
/* End PBXFileReference section */

/* Begin PBXFrameworksBuildPhase section */
		2325601924293CC4008C0A2A /* Frameworks */ = {
			isa = PBXFrameworksBuildPhase;
			buildActionMask = 2147483647;
			files = (
				758BCEE464B1B8FB3D5D6431 /* Pods_Busex.framework in Frameworks */,
			);
			runOnlyForDeploymentPostprocessing = 0;
		};
/* End PBXFrameworksBuildPhase section */

/* Begin PBXGroup section */
		2325601324293CC4008C0A2A = {
			isa = PBXGroup;
			children = (
				2325601E24293CC4008C0A2A /* Busex */,
				2325601D24293CC4008C0A2A /* Products */,
				6FA16FDBF55C65C6F270AF7F /* Pods */,
				87CD34E8DAE0E67280A0FAEF /* Frameworks */,
			);
			sourceTree = "<group>";
		};
		2325601D24293CC4008C0A2A /* Products */ = {
			isa = PBXGroup;
			children = (
				2325601C24293CC4008C0A2A /* Busex.app */,
			);
			name = Products;
			sourceTree = "<group>";
		};
		2325601E24293CC4008C0A2A /* Busex */ = {
			isa = PBXGroup;
			children = (
				236EC83E2460F780000B0320 /* Assets */,
				236EC83C2460F755000B0320 /* AppFiles */,
				236EC8462460FA58000B0320 /* Common */,
				236EC83B2460F74C000B0320 /* GUI */,
				236EC83F2460F79D000B0320 /* Models */,
				2325602D24293CC9008C0A2A /* Info.plist */,
			);
			path = Busex;
			sourceTree = "<group>";
		};
		236EC83B2460F74C000B0320 /* GUI */ = {
			isa = PBXGroup;
			children = (
				236EC8642460FADA000B0320 /* LaunchScreen.storyboard */,
				236EC85F2460FAD9000B0320 /* Model */,
				236EC8522460FAD8000B0320 /* Root */,
			);
			path = GUI;
			sourceTree = "<group>";
		};
		236EC83C2460F755000B0320 /* AppFiles */ = {
			isa = PBXGroup;
			children = (
				2325601F24293CC4008C0A2A /* AppDelegate.swift */,
				2325602124293CC4008C0A2A /* SceneDelegate.swift */,
				236EC8472460FA87000B0320 /* Navigation.swift */,
				236EC8492460FA8F000B0320 /* DependencyContainer.swift */,
			);
			path = AppFiles;
			sourceTree = "<group>";
		};
		236EC83E2460F780000B0320 /* Assets */ = {
			isa = PBXGroup;
			children = (
				2325602824293CC9008C0A2A /* Assets.xcassets */,
			);
			path = Assets;
			sourceTree = "<group>";
		};
		236EC83F2460F79D000B0320 /* Models */ = {
			isa = PBXGroup;
			children = (
				236EC8412460F7D1000B0320 /* RealmEntities  */,
			);
			path = Models;
			sourceTree = "<group>";
		};
		236EC8412460F7D1000B0320 /* RealmEntities  */ = {
			isa = PBXGroup;
			children = (
				236EC8422460F84C000B0320 /* LatochaDatabase.swift */,
			);
			path = "RealmEntities ";
			sourceTree = "<group>";
		};
		236EC8462460FA58000B0320 /* Common */ = {
			isa = PBXGroup;
			children = (
				236EC84B2460FA9B000B0320 /* CustomUI */,
			);
			path = Common;
			sourceTree = "<group>";
		};
		236EC84B2460FA9B000B0320 /* CustomUI */ = {
			isa = PBXGroup;
			children = (
				236EC84C2460FAB1000B0320 /* CustomView.swift */,
				236EC84D2460FAB1000B0320 /* CustomViewController.swift */,
				236EC84E2460FAB1000B0320 /* ViewModel.swift */,
			);
			path = CustomUI;
			sourceTree = "<group>";
		};
		236EC8522460FAD8000B0320 /* Root */ = {
			isa = PBXGroup;
			children = (
				236EC8532460FAD8000B0320 /* ViewModel */,
				236EC8552460FAD8000B0320 /* Model */,
				236EC8562460FAD8000B0320 /* View */,
				236EC8582460FAD8000B0320 /* ViewController */,
			);
			path = Root;
			sourceTree = "<group>";
		};
		236EC8532460FAD8000B0320 /* ViewModel */ = {
			isa = PBXGroup;
			children = (
				236EC8542460FAD8000B0320 /* RootViewModel.swift */,
			);
			path = ViewModel;
			sourceTree = "<group>";
		};
		236EC8552460FAD8000B0320 /* Model */ = {
			isa = PBXGroup;
			children = (
			);
			path = Model;
			sourceTree = "<group>";
		};
		236EC8562460FAD8000B0320 /* View */ = {
			isa = PBXGroup;
			children = (
				236EC8572460FAD8000B0320 /* RootView.swift */,
			);
			path = View;
			sourceTree = "<group>";
		};
		236EC8582460FAD8000B0320 /* ViewController */ = {
			isa = PBXGroup;
			children = (
				236EC8592460FAD8000B0320 /* RootViewController.swift */,
			);
			path = ViewController;
			sourceTree = "<group>";
		};
		236EC85F2460FAD9000B0320 /* Model */ = {
			isa = PBXGroup;
			children = (
			);
			path = Model;
			sourceTree = "<group>";
		};
		6FA16FDBF55C65C6F270AF7F /* Pods */ = {
			isa = PBXGroup;
			children = (
				57FFA6A39217A92E34FC5955 /* Pods-Busex.debug.xcconfig */,
				6DAACEDB17B7B9A92AF72EE3 /* Pods-Busex.release.xcconfig */,
			);
			path = Pods;
			sourceTree = "<group>";
		};
		87CD34E8DAE0E67280A0FAEF /* Frameworks */ = {
			isa = PBXGroup;
			children = (
				C846CEE752A2DE4DF723FA18 /* Pods_Busex.framework */,
			);
			name = Frameworks;
			sourceTree = "<group>";
		};
/* End PBXGroup section */

/* Begin PBXNativeTarget section */
		2325601B24293CC4008C0A2A /* Busex */ = {
			isa = PBXNativeTarget;
			buildConfigurationList = 2325603024293CC9008C0A2A /* Build configuration list for PBXNativeTarget "Busex" */;
			buildPhases = (
				F854E02D82DA217E3DA0C787 /* [CP] Check Pods Manifest.lock */,
				2325601824293CC4008C0A2A /* Sources */,
				2325601924293CC4008C0A2A /* Frameworks */,
				2325601A24293CC4008C0A2A /* Resources */,
				84A5261698373AC3B5356EC9 /* [CP] Embed Pods Frameworks */,
			);
			buildRules = (
			);
			dependencies = (
			);
			name = Busex;
			productName = Busex;
			productReference = 2325601C24293CC4008C0A2A /* Busex.app */;
			productType = "com.apple.product-type.application";
		};
/* End PBXNativeTarget section */

/* Begin PBXProject section */
		2325601424293CC4008C0A2A /* Project object */ = {
			isa = PBXProject;
			attributes = {
				LastSwiftUpdateCheck = 1130;
				LastUpgradeCheck = 1130;
				ORGANIZATIONNAME = AIB;
				TargetAttributes = {
					2325601B24293CC4008C0A2A = {
						CreatedOnToolsVersion = 11.3.1;
					};
				};
			};
			buildConfigurationList = 2325601724293CC4008C0A2A /* Build configuration list for PBXProject "Busex" */;
			compatibilityVersion = "Xcode 9.3";
			developmentRegion = en;
			hasScannedForEncodings = 0;
			knownRegions = (
				en,
				Base,
			);
			mainGroup = 2325601324293CC4008C0A2A;
			productRefGroup = 2325601D24293CC4008C0A2A /* Products */;
			projectDirPath = "";
			projectRoot = "";
			targets = (
				2325601B24293CC4008C0A2A /* Busex */,
			);
		};
/* End PBXProject section */

/* Begin PBXResourcesBuildPhase section */
		2325601A24293CC4008C0A2A /* Resources */ = {
			isa = PBXResourcesBuildPhase;
			buildActionMask = 2147483647;
			files = (
				2325602924293CC9008C0A2A /* Assets.xcassets in Resources */,
				236EC86E2460FADA000B0320 /* LaunchScreen.storyboard in Resources */,
			);
			runOnlyForDeploymentPostprocessing = 0;
		};
/* End PBXResourcesBuildPhase section */

/* Begin PBXShellScriptBuildPhase section */
		84A5261698373AC3B5356EC9 /* [CP] Embed Pods Frameworks */ = {
			isa = PBXShellScriptBuildPhase;
			buildActionMask = 2147483647;
			files = (
			);
			inputFileListPaths = (
				"${PODS_ROOT}/Target Support Files/Pods-Busex/Pods-Busex-frameworks-${CONFIGURATION}-input-files.xcfilelist",
			);
			name = "[CP] Embed Pods Frameworks";
			outputFileListPaths = (
				"${PODS_ROOT}/Target Support Files/Pods-Busex/Pods-Busex-frameworks-${CONFIGURATION}-output-files.xcfilelist",
			);
			runOnlyForDeploymentPostprocessing = 0;
			shellPath = /bin/sh;
			shellScript = "\"${PODS_ROOT}/Target Support Files/Pods-Busex/Pods-Busex-frameworks.sh\"\n";
			showEnvVarsInLog = 0;
		};
		F854E02D82DA217E3DA0C787 /* [CP] Check Pods Manifest.lock */ = {
			isa = PBXShellScriptBuildPhase;
			buildActionMask = 2147483647;
			files = (
			);
			inputFileListPaths = (
			);
			inputPaths = (
				"${PODS_PODFILE_DIR_PATH}/Podfile.lock",
				"${PODS_ROOT}/Manifest.lock",
			);
			name = "[CP] Check Pods Manifest.lock";
			outputFileListPaths = (
			);
			outputPaths = (
				"$(DERIVED_FILE_DIR)/Pods-Busex-checkManifestLockResult.txt",
			);
			runOnlyForDeploymentPostprocessing = 0;
			shellPath = /bin/sh;
			shellScript = "diff \"${PODS_PODFILE_DIR_PATH}/Podfile.lock\" \"${PODS_ROOT}/Manifest.lock\" > /dev/null\nif [ $? != 0 ] ; then\n    # print error to STDERR\n    echo \"error: The sandbox is not in sync with the Podfile.lock. Run 'pod install' or update your CocoaPods installation.\" >&2\n    exit 1\nfi\n# This output is used by Xcode 'outputs' to avoid re-running this script phase.\necho \"SUCCESS\" > \"${SCRIPT_OUTPUT_FILE_0}\"\n";
			showEnvVarsInLog = 0;
		};
/* End PBXShellScriptBuildPhase section */

/* Begin PBXSourcesBuildPhase section */
		2325601824293CC4008C0A2A /* Sources */ = {
			isa = PBXSourcesBuildPhase;
			buildActionMask = 2147483647;
			files = (
				236EC8512460FAB1000B0320 /* ViewModel.swift in Sources */,
				236EC8502460FAB1000B0320 /* CustomViewController.swift in Sources */,
				236EC84A2460FA90000B0320 /* DependencyContainer.swift in Sources */,
				236EC8672460FADA000B0320 /* RootViewController.swift in Sources */,
				236EC84F2460FAB1000B0320 /* CustomView.swift in Sources */,
				236EC8662460FADA000B0320 /* RootView.swift in Sources */,
				236EC8432460F84C000B0320 /* LatochaDatabase.swift in Sources */,
				2325602024293CC4008C0A2A /* AppDelegate.swift in Sources */,
				236EC8482460FA87000B0320 /* Navigation.swift in Sources */,
				236EC8652460FADA000B0320 /* RootViewModel.swift in Sources */,
				2325602224293CC4008C0A2A /* SceneDelegate.swift in Sources */,
			);
			runOnlyForDeploymentPostprocessing = 0;
		};
/* End PBXSourcesBuildPhase section */

/* Begin XCBuildConfiguration section */
		2325602E24293CC9008C0A2A /* Debug */ = {
			isa = XCBuildConfiguration;
			buildSettings = {
				ALWAYS_SEARCH_USER_PATHS = NO;
				CLANG_ANALYZER_NONNULL = YES;
				CLANG_ANALYZER_NUMBER_OBJECT_CONVERSION = YES_AGGRESSIVE;
				CLANG_CXX_LANGUAGE_STANDARD = "gnu++14";
				CLANG_CXX_LIBRARY = "libc++";
				CLANG_ENABLE_MODULES = YES;
				CLANG_ENABLE_OBJC_ARC = YES;
				CLANG_ENABLE_OBJC_WEAK = YES;
				CLANG_WARN_BLOCK_CAPTURE_AUTORELEASING = YES;
				CLANG_WARN_BOOL_CONVERSION = YES;
				CLANG_WARN_COMMA = YES;
				CLANG_WARN_CONSTANT_CONVERSION = YES;
				CLANG_WARN_DEPRECATED_OBJC_IMPLEMENTATIONS = YES;
				CLANG_WARN_DIRECT_OBJC_ISA_USAGE = YES_ERROR;
				CLANG_WARN_DOCUMENTATION_COMMENTS = YES;
				CLANG_WARN_EMPTY_BODY = YES;
				CLANG_WARN_ENUM_CONVERSION = YES;
				CLANG_WARN_INFINITE_RECURSION = YES;
				CLANG_WARN_INT_CONVERSION = YES;
				CLANG_WARN_NON_LITERAL_NULL_CONVERSION = YES;
				CLANG_WARN_OBJC_IMPLICIT_RETAIN_SELF = YES;
				CLANG_WARN_OBJC_LITERAL_CONVERSION = YES;
				CLANG_WARN_OBJC_ROOT_CLASS = YES_ERROR;
				CLANG_WARN_RANGE_LOOP_ANALYSIS = YES;
				CLANG_WARN_STRICT_PROTOTYPES = YES;
				CLANG_WARN_SUSPICIOUS_MOVE = YES;
				CLANG_WARN_UNGUARDED_AVAILABILITY = YES_AGGRESSIVE;
				CLANG_WARN_UNREACHABLE_CODE = YES;
				CLANG_WARN__DUPLICATE_METHOD_MATCH = YES;
				COPY_PHASE_STRIP = NO;
				DEBUG_INFORMATION_FORMAT = dwarf;
				ENABLE_STRICT_OBJC_MSGSEND = YES;
				ENABLE_TESTABILITY = YES;
				GCC_C_LANGUAGE_STANDARD = gnu11;
				GCC_DYNAMIC_NO_PIC = NO;
				GCC_NO_COMMON_BLOCKS = YES;
				GCC_OPTIMIZATION_LEVEL = 0;
				GCC_PREPROCESSOR_DEFINITIONS = (
					"DEBUG=1",
					"$(inherited)",
				);
				GCC_WARN_64_TO_32_BIT_CONVERSION = YES;
				GCC_WARN_ABOUT_RETURN_TYPE = YES_ERROR;
				GCC_WARN_UNDECLARED_SELECTOR = YES;
				GCC_WARN_UNINITIALIZED_AUTOS = YES_AGGRESSIVE;
				GCC_WARN_UNUSED_FUNCTION = YES;
				GCC_WARN_UNUSED_VARIABLE = YES;
				IPHONEOS_DEPLOYMENT_TARGET = 13.2;
				MTL_ENABLE_DEBUG_INFO = INCLUDE_SOURCE;
				MTL_FAST_MATH = YES;
				ONLY_ACTIVE_ARCH = YES;
				SDKROOT = iphoneos;
				SWIFT_ACTIVE_COMPILATION_CONDITIONS = DEBUG;
				SWIFT_OPTIMIZATION_LEVEL = "-Onone";
			};
			name = Debug;
		};
		2325602F24293CC9008C0A2A /* Release */ = {
			isa = XCBuildConfiguration;
			buildSettings = {
				ALWAYS_SEARCH_USER_PATHS = NO;
				CLANG_ANALYZER_NONNULL = YES;
				CLANG_ANALYZER_NUMBER_OBJECT_CONVERSION = YES_AGGRESSIVE;
				CLANG_CXX_LANGUAGE_STANDARD = "gnu++14";
				CLANG_CXX_LIBRARY = "libc++";
				CLANG_ENABLE_MODULES = YES;
				CLANG_ENABLE_OBJC_ARC = YES;
				CLANG_ENABLE_OBJC_WEAK = YES;
				CLANG_WARN_BLOCK_CAPTURE_AUTORELEASING = YES;
				CLANG_WARN_BOOL_CONVERSION = YES;
				CLANG_WARN_COMMA = YES;
				CLANG_WARN_CONSTANT_CONVERSION = YES;
				CLANG_WARN_DEPRECATED_OBJC_IMPLEMENTATIONS = YES;
				CLANG_WARN_DIRECT_OBJC_ISA_USAGE = YES_ERROR;
				CLANG_WARN_DOCUMENTATION_COMMENTS = YES;
				CLANG_WARN_EMPTY_BODY = YES;
				CLANG_WARN_ENUM_CONVERSION = YES;
				CLANG_WARN_INFINITE_RECURSION = YES;
				CLANG_WARN_INT_CONVERSION = YES;
				CLANG_WARN_NON_LITERAL_NULL_CONVERSION = YES;
				CLANG_WARN_OBJC_IMPLICIT_RETAIN_SELF = YES;
				CLANG_WARN_OBJC_LITERAL_CONVERSION = YES;
				CLANG_WARN_OBJC_ROOT_CLASS = YES_ERROR;
				CLANG_WARN_RANGE_LOOP_ANALYSIS = YES;
				CLANG_WARN_STRICT_PROTOTYPES = YES;
				CLANG_WARN_SUSPICIOUS_MOVE = YES;
				CLANG_WARN_UNGUARDED_AVAILABILITY = YES_AGGRESSIVE;
				CLANG_WARN_UNREACHABLE_CODE = YES;
				CLANG_WARN__DUPLICATE_METHOD_MATCH = YES;
				COPY_PHASE_STRIP = NO;
				DEBUG_INFORMATION_FORMAT = "dwarf-with-dsym";
				ENABLE_NS_ASSERTIONS = NO;
				ENABLE_STRICT_OBJC_MSGSEND = YES;
				GCC_C_LANGUAGE_STANDARD = gnu11;
				GCC_NO_COMMON_BLOCKS = YES;
				GCC_WARN_64_TO_32_BIT_CONVERSION = YES;
				GCC_WARN_ABOUT_RETURN_TYPE = YES_ERROR;
				GCC_WARN_UNDECLARED_SELECTOR = YES;
				GCC_WARN_UNINITIALIZED_AUTOS = YES_AGGRESSIVE;
				GCC_WARN_UNUSED_FUNCTION = YES;
				GCC_WARN_UNUSED_VARIABLE = YES;
				IPHONEOS_DEPLOYMENT_TARGET = 13.2;
				MTL_ENABLE_DEBUG_INFO = NO;
				MTL_FAST_MATH = YES;
				SDKROOT = iphoneos;
				SWIFT_COMPILATION_MODE = wholemodule;
				SWIFT_OPTIMIZATION_LEVEL = "-O";
				VALIDATE_PRODUCT = YES;
			};
			name = Release;
		};
		2325603124293CC9008C0A2A /* Debug */ = {
			isa = XCBuildConfiguration;
			baseConfigurationReference = 57FFA6A39217A92E34FC5955 /* Pods-Busex.debug.xcconfig */;
			buildSettings = {
				ASSETCATALOG_COMPILER_APPICON_NAME = AppIcon;
				CODE_SIGN_STYLE = Automatic;
				DEVELOPMENT_TEAM = 7CS6N8JRT4;
				INFOPLIST_FILE = Busex/Info.plist;
				LD_RUNPATH_SEARCH_PATHS = (
					"$(inherited)",
					"@executable_path/Frameworks",
				);
				PRODUCT_BUNDLE_IDENTIFIER = AIB.Busex;
				PRODUCT_NAME = "$(TARGET_NAME)";
				SWIFT_VERSION = 5.0;
				TARGETED_DEVICE_FAMILY = "1,2";
			};
			name = Debug;
		};
		2325603224293CC9008C0A2A /* Release */ = {
			isa = XCBuildConfiguration;
			baseConfigurationReference = 6DAACEDB17B7B9A92AF72EE3 /* Pods-Busex.release.xcconfig */;
			buildSettings = {
				ASSETCATALOG_COMPILER_APPICON_NAME = AppIcon;
				CODE_SIGN_STYLE = Automatic;
				DEVELOPMENT_TEAM = 7CS6N8JRT4;
				INFOPLIST_FILE = Busex/Info.plist;
				LD_RUNPATH_SEARCH_PATHS = (
					"$(inherited)",
					"@executable_path/Frameworks",
				);
				PRODUCT_BUNDLE_IDENTIFIER = AIB.Busex;
				PRODUCT_NAME = "$(TARGET_NAME)";
				SWIFT_VERSION = 5.0;
				TARGETED_DEVICE_FAMILY = "1,2";
			};
			name = Release;
		};
/* End XCBuildConfiguration section */

/* Begin XCConfigurationList section */
		2325601724293CC4008C0A2A /* Build configuration list for PBXProject "Busex" */ = {
			isa = XCConfigurationList;
			buildConfigurations = (
				2325602E24293CC9008C0A2A /* Debug */,
				2325602F24293CC9008C0A2A /* Release */,
			);
			defaultConfigurationIsVisible = 0;
			defaultConfigurationName = Release;
		};
		2325603024293CC9008C0A2A /* Build configuration list for PBXNativeTarget "Busex" */ = {
			isa = XCConfigurationList;
			buildConfigurations = (
				2325603124293CC9008C0A2A /* Debug */,
				2325603224293CC9008C0A2A /* Release */,
			);
			defaultConfigurationIsVisible = 0;
			defaultConfigurationName = Release;
		};
/* End XCConfigurationList section */
	};
	rootObject = 2325601424293CC4008C0A2A /* Project object */;
}
